
Microsoft Visual Studio Solution File, Format Version 12.00
# Visual Studio Version 17
VisualStudioVersion = 17.14.36408.4 d17.14
MinimumVisualStudioVersion = 10.0.40219.1
Project("{FAE04EC0-301F-11D3-BF4B-00C04F79EFBC}") = "trab_final-Gestao_Estufas", "trab_final-Gestao_Estufas.csproj", "{F6E3B9BF-ABA0-4A11-B23E-AE623A0935FE}"
EndProject
Global
	GlobalSection(SolutionConfigurationPlatforms) = preSolution
		Debug|Any CPU = Debug|Any CPU
		Release|Any CPU = Release|Any CPU
	EndGlobalSection
	GlobalSection(ProjectConfigurationPlatforms) = postSolution
		{F6E3B9BF-ABA0-4A11-B23E-AE623A0935FE}.Debug|Any CPU.ActiveCfg = Debug|Any CPU
		{F6E3B9BF-ABA0-4A11-B23E-AE623A0935FE}.Debug|Any CPU.Build.0 = Debug|Any CPU
		{F6E3B9BF-ABA0-4A11-B23E-AE623A0935FE}.Release|Any CPU.ActiveCfg = Release|Any CPU
		{F6E3B9BF-ABA0-4A11-B23E-AE623A0935FE}.Release|Any CPU.Build.0 = Release|Any CPU
	EndGlobalSection
	GlobalSection(SolutionProperties) = preSolution
		HideSolutionNode = FALSE
	EndGlobalSection
	GlobalSection(ExtensibilityGlobals) = postSolution
		SolutionGuid = {F1B5FEB7-052B-448F-BEB5-E1B26E766E70}
	EndGlobalSection
EndGlobal
